
Microsoft Visual Studio Solution File, Format Version 12.00
# Visual Studio Version 17
VisualStudioVersion = 17.5.002.0
MinimumVisualStudioVersion = 10.0.40219.1
Project("{9A19103F-16F7-4668-BE54-9A1E7A4F7556}") = "NguyenVanCuong_0117_2425_BaiThi", "NguyenVanCuong_0117_2425_BaiThi.csproj", "{0C2BDA8F-D1E1-44B8-94DE-4DEAC4D11393}"
EndProject
Global
	GlobalSection(SolutionConfigurationPlatforms) = preSolution
		Debug|Any CPU = Debug|Any CPU
		Release|Any CPU = Release|Any CPU
	EndGlobalSection
	GlobalSection(ProjectConfigurationPlatforms) = postSolution
		{0C2BDA8F-D1E1-44B8-94DE-4DEAC4D11393}.Debug|Any CPU.ActiveCfg = Debug|Any CPU
		{0C2BDA8F-D1E1-44B8-94DE-4DEAC4D11393}.Debug|Any CPU.Build.0 = Debug|Any CPU
		{0C2BDA8F-D1E1-44B8-94DE-4DEAC4D11393}.Release|Any CPU.ActiveCfg = Release|Any CPU
		{0C2BDA8F-D1E1-44B8-94DE-4DEAC4D11393}.Release|Any CPU.Build.0 = Release|Any CPU
	EndGlobalSection
	GlobalSection(SolutionProperties) = preSolution
		HideSolutionNode = FALSE
	EndGlobalSection
	GlobalSection(ExtensibilityGlobals) = postSolution
		SolutionGuid = {68E633DE-C332-486B-8476-D94091627565}
	EndGlobalSection
EndGlobal
